
Microsoft Visual Studio Solution File, Format Version 12.00
# Visual Studio Version 17
VisualStudioVersion = 17.4.33122.133
MinimumVisualStudioVersion = 10.0.40219.1
Project("{FAE04EC0-301F-11D3-BF4B-00C04F79EFBC}") = "Notes.API", "Notes.API\Notes.API.csproj", "{42A87F2F-2D28-4957-B38A-A5B3086ACF36}"
EndProject
Project("{FAE04EC0-301F-11D3-BF4B-00C04F79EFBC}") = "Notes.UI", "Notes.UI\Notes.UI.csproj", "{FC6AE634-8929-454B-BAA9-AACC3FD8509B}"
EndProject
Global
	GlobalSection(SolutionConfigurationPlatforms) = preSolution
		Debug|Any CPU = Debug|Any CPU
		Release|Any CPU = Release|Any CPU
	EndGlobalSection
	GlobalSection(ProjectConfigurationPlatforms) = postSolution
		{42A87F2F-2D28-4957-B38A-A5B3086ACF36}.Debug|Any CPU.ActiveCfg = Debug|Any CPU
		{42A87F2F-2D28-4957-B38A-A5B3086ACF36}.Debug|Any CPU.Build.0 = Debug|Any CPU
		{42A87F2F-2D28-4957-B38A-A5B3086ACF36}.Release|Any CPU.ActiveCfg = Release|Any CPU
		{42A87F2F-2D28-4957-B38A-A5B3086ACF36}.Release|Any CPU.Build.0 = Release|Any CPU
		{FC6AE634-8929-454B-BAA9-AACC3FD8509B}.Debug|Any CPU.ActiveCfg = Debug|Any CPU
		{FC6AE634-8929-454B-BAA9-AACC3FD8509B}.Debug|Any CPU.Build.0 = Debug|Any CPU
		{FC6AE634-8929-454B-BAA9-AACC3FD8509B}.Release|Any CPU.ActiveCfg = Release|Any CPU
		{FC6AE634-8929-454B-BAA9-AACC3FD8509B}.Release|Any CPU.Build.0 = Release|Any CPU
	EndGlobalSection
	GlobalSection(SolutionProperties) = preSolution
		HideSolutionNode = FALSE
	EndGlobalSection
	GlobalSection(ExtensibilityGlobals) = postSolution
		SolutionGuid = {C087D395-8702-4E6C-A79E-7FA0634FC135}
	EndGlobalSection
EndGlobal
